
Microsoft Visual Studio Solution File, Format Version 12.00
# Visual Studio Version 17
VisualStudioVersion = 17.14.36603.0 d17.14
MinimumVisualStudioVersion = 10.0.40219.1
Project("{8BC9CEB8-8B4A-11D0-8D11-00A0C91BC942}") = "12,24 lianxi6", "12,24 lianxi6\12,24 lianxi6.vcxproj", "{C07D76FB-3592-49D6-BA50-1FC9BE4BFFAE}"
EndProject
Global
	GlobalSection(SolutionConfigurationPlatforms) = preSolution
		Debug|x64 = Debug|x64
		Debug|x86 = Debug|x86
		Release|x64 = Release|x64
		Release|x86 = Release|x86
	EndGlobalSection
	GlobalSection(ProjectConfigurationPlatforms) = postSolution
		{C07D76FB-3592-49D6-BA50-1FC9BE4BFFAE}.Debug|x64.ActiveCfg = Debug|x64
		{C07D76FB-3592-49D6-BA50-1FC9BE4BFFAE}.Debug|x64.Build.0 = Debug|x64
		{C07D76FB-3592-49D6-BA50-1FC9BE4BFFAE}.Debug|x86.ActiveCfg = Debug|Win32
		{C07D76FB-3592-49D6-BA50-1FC9BE4BFFAE}.Debug|x86.Build.0 = Debug|Win32
		{C07D76FB-3592-49D6-BA50-1FC9BE4BFFAE}.Release|x64.ActiveCfg = Release|x64
		{C07D76FB-3592-49D6-BA50-1FC9BE4BFFAE}.Release|x64.Build.0 = Release|x64
		{C07D76FB-3592-49D6-BA50-1FC9BE4BFFAE}.Release|x86.ActiveCfg = Release|Win32
		{C07D76FB-3592-49D6-BA50-1FC9BE4BFFAE}.Release|x86.Build.0 = Release|Win32
	EndGlobalSection
	GlobalSection(SolutionProperties) = preSolution
		HideSolutionNode = FALSE
	EndGlobalSection
	GlobalSection(ExtensibilityGlobals) = postSolution
		SolutionGuid = {CDFB89BA-EFB8-415B-859B-FB79F69DD928}
	EndGlobalSection
EndGlobal
