
Microsoft Visual Studio Solution File, Format Version 12.00
# Visual Studio Version 17
VisualStudioVersion = 17.14.36603.0 d17.14
MinimumVisualStudioVersion = 10.0.40219.1
Project("{8BC9CEB8-8B4A-11D0-8D11-00A0C91BC942}") = "10.30 2", "10.30 2\10.30 2.vcxproj", "{2BC6F6A8-2E7E-4F6F-BC87-856812D8DBFD}"
EndProject
Global
	GlobalSection(SolutionConfigurationPlatforms) = preSolution
		Debug|x64 = Debug|x64
		Debug|x86 = Debug|x86
		Release|x64 = Release|x64
		Release|x86 = Release|x86
	EndGlobalSection
	GlobalSection(ProjectConfigurationPlatforms) = postSolution
		{2BC6F6A8-2E7E-4F6F-BC87-856812D8DBFD}.Debug|x64.ActiveCfg = Debug|x64
		{2BC6F6A8-2E7E-4F6F-BC87-856812D8DBFD}.Debug|x64.Build.0 = Debug|x64
		{2BC6F6A8-2E7E-4F6F-BC87-856812D8DBFD}.Debug|x86.ActiveCfg = Debug|Win32
		{2BC6F6A8-2E7E-4F6F-BC87-856812D8DBFD}.Debug|x86.Build.0 = Debug|Win32
		{2BC6F6A8-2E7E-4F6F-BC87-856812D8DBFD}.Release|x64.ActiveCfg = Release|x64
		{2BC6F6A8-2E7E-4F6F-BC87-856812D8DBFD}.Release|x64.Build.0 = Release|x64
		{2BC6F6A8-2E7E-4F6F-BC87-856812D8DBFD}.Release|x86.ActiveCfg = Release|Win32
		{2BC6F6A8-2E7E-4F6F-BC87-856812D8DBFD}.Release|x86.Build.0 = Release|Win32
	EndGlobalSection
	GlobalSection(SolutionProperties) = preSolution
		HideSolutionNode = FALSE
	EndGlobalSection
	GlobalSection(ExtensibilityGlobals) = postSolution
		SolutionGuid = {B02B1FE8-DF88-4A03-8891-31CAD823BEDA}
	EndGlobalSection
EndGlobal
