
Microsoft Visual Studio Solution File, Format Version 12.00
# Visual Studio Version 17
VisualStudioVersion = 17.14.36603.0 d17.14
MinimumVisualStudioVersion = 10.0.40219.1
Project("{8BC9CEB8-8B4A-11D0-8D11-00A0C91BC942}") = "11.15 1", "11.15 1\11.15 1.vcxproj", "{14512A43-DA08-43B7-9B36-37EE0A6D0FE0}"
EndProject
Global
	GlobalSection(SolutionConfigurationPlatforms) = preSolution
		Debug|x64 = Debug|x64
		Debug|x86 = Debug|x86
		Release|x64 = Release|x64
		Release|x86 = Release|x86
	EndGlobalSection
	GlobalSection(ProjectConfigurationPlatforms) = postSolution
		{14512A43-DA08-43B7-9B36-37EE0A6D0FE0}.Debug|x64.ActiveCfg = Debug|x64
		{14512A43-DA08-43B7-9B36-37EE0A6D0FE0}.Debug|x64.Build.0 = Debug|x64
		{14512A43-DA08-43B7-9B36-37EE0A6D0FE0}.Debug|x86.ActiveCfg = Debug|Win32
		{14512A43-DA08-43B7-9B36-37EE0A6D0FE0}.Debug|x86.Build.0 = Debug|Win32
		{14512A43-DA08-43B7-9B36-37EE0A6D0FE0}.Release|x64.ActiveCfg = Release|x64
		{14512A43-DA08-43B7-9B36-37EE0A6D0FE0}.Release|x64.Build.0 = Release|x64
		{14512A43-DA08-43B7-9B36-37EE0A6D0FE0}.Release|x86.ActiveCfg = Release|Win32
		{14512A43-DA08-43B7-9B36-37EE0A6D0FE0}.Release|x86.Build.0 = Release|Win32
	EndGlobalSection
	GlobalSection(SolutionProperties) = preSolution
		HideSolutionNode = FALSE
	EndGlobalSection
	GlobalSection(ExtensibilityGlobals) = postSolution
		SolutionGuid = {DD1CAF1F-08D7-4DBD-819E-FCF76A21E749}
	EndGlobalSection
EndGlobal
